
Microsoft Visual Studio Solution File, Format Version 12.00
# Visual Studio Version 16
VisualStudioVersion = 16.0.31410.357
MinimumVisualStudioVersion = 10.0.40219.1
Project("{FAE04EC0-301F-11D3-BF4B-00C04F79EFBC}") = "pipeline", "pipeline\pipeline.csproj", "{06E0C468-0384-4EC5-AEBD-4962BA4FCFF2}"
EndProject
Global
	GlobalSection(SolutionConfigurationPlatforms) = preSolution
		Debug|Any CPU = Debug|Any CPU
		Release|Any CPU = Release|Any CPU
	EndGlobalSection
	GlobalSection(ProjectConfigurationPlatforms) = postSolution
		{06E0C468-0384-4EC5-AEBD-4962BA4FCFF2}.Debug|Any CPU.ActiveCfg = Debug|Any CPU
		{06E0C468-0384-4EC5-AEBD-4962BA4FCFF2}.Debug|Any CPU.Build.0 = Debug|Any CPU
		{06E0C468-0384-4EC5-AEBD-4962BA4FCFF2}.Release|Any CPU.ActiveCfg = Release|Any CPU
		{06E0C468-0384-4EC5-AEBD-4962BA4FCFF2}.Release|Any CPU.Build.0 = Release|Any CPU
	EndGlobalSection
	GlobalSection(SolutionProperties) = preSolution
		HideSolutionNode = FALSE
	EndGlobalSection
	GlobalSection(ExtensibilityGlobals) = postSolution
		SolutionGuid = {59B7D32F-5545-46DA-9B00-93473A6CE14C}
	EndGlobalSection
EndGlobal
